// !$*UTF8*$!
{
	archiveVersion = 1;
	classes = {
	};
	objectVersion = 50;
	objects = {

/* Begin PBXBuildFile section */
		01B920A5216FADC200E22C1D /* AppDelegate.swift in Sources */ = {isa = PBXBuildFile; fileRef = 01B920A4216FADC200E22C1D /* AppDelegate.swift */; };
		01B920A7216FADC200E22C1D /* WelcomeVC.swift in Sources */ = {isa = PBXBuildFile; fileRef = 01B920A6216FADC200E22C1D /* WelcomeVC.swift */; };
		01B920AA216FADC200E22C1D /* Main.storyboard in Resources */ = {isa = PBXBuildFile; fileRef = 01B920A8216FADC200E22C1D /* Main.storyboard */; };
		01B920AC216FADC300E22C1D /* Assets.xcassets in Resources */ = {isa = PBXBuildFile; fileRef = 01B920AB216FADC300E22C1D /* Assets.xcassets */; };
		01B920AF216FADC300E22C1D /* LaunchScreen.storyboard in Resources */ = {isa = PBXBuildFile; fileRef = 01B920AD216FADC300E22C1D /* LaunchScreen.storyboard */; };
		01B920B8216FB6E000E22C1D /* BorderButton.swift in Sources */ = {isa = PBXBuildFile; fileRef = 01B920B7216FB6E000E22C1D /* BorderButton.swift */; };
		01E46AAC2170D9C900604A6A /* LeagueVC.swift in Sources */ = {isa = PBXBuildFile; fileRef = 01E46AAB2170D9C900604A6A /* LeagueVC.swift */; };
		01E46AAE2170D9E200604A6A /* SkillVC.swift in Sources */ = {isa = PBXBuildFile; fileRef = 01E46AAD2170D9E200604A6A /* SkillVC.swift */; };
/* End PBXBuildFile section */

/* Begin PBXFileReference section */
		01B920A1216FADC200E22C1D /* Swoosh.app */ = {isa = PBXFileReference; explicitFileType = wrapper.application; includeInIndex = 0; path = Swoosh.app; sourceTree = BUILT_PRODUCTS_DIR; };
		01B920A4216FADC200E22C1D /* AppDelegate.swift */ = {isa = PBXFileReference; lastKnownFileType = sourcecode.swift; path = AppDelegate.swift; sourceTree = "<group>"; };
		01B920A6216FADC200E22C1D /* WelcomeVC.swift */ = {isa = PBXFileReference; lastKnownFileType = sourcecode.swift; path = WelcomeVC.swift; sourceTree = "<group>"; };
		01B920A9216FADC200E22C1D /* Base */ = {isa = PBXFileReference; lastKnownFileType = file.storyboard; name = Base; path = Base.lproj/Main.storyboard; sourceTree = "<group>"; };
		01B920AB216FADC300E22C1D /* Assets.xcassets */ = {isa = PBXFileReference; lastKnownFileType = folder.assetcatalog; path = Assets.xcassets; sourceTree = "<group>"; };
		01B920AE216FADC300E22C1D /* Base */ = {isa = PBXFileReference; lastKnownFileType = file.storyboard; name = Base; path = Base.lproj/LaunchScreen.storyboard; sourceTree = "<group>"; };
		01B920B0216FADC300E22C1D /* Info.plist */ = {isa = PBXFileReference; lastKnownFileType = text.plist.xml; path = Info.plist; sourceTree = "<group>"; };
		01B920B7216FB6E000E22C1D /* BorderButton.swift */ = {isa = PBXFileReference; lastKnownFileType = sourcecode.swift; path = BorderButton.swift; sourceTree = "<group>"; };
		01E46AAB2170D9C900604A6A /* LeagueVC.swift */ = {isa = PBXFileReference; lastKnownFileType = sourcecode.swift; path = LeagueVC.swift; sourceTree = "<group>"; };
		01E46AAD2170D9E200604A6A /* SkillVC.swift */ = {isa = PBXFileReference; lastKnownFileType = sourcecode.swift; path = SkillVC.swift; sourceTree = "<group>"; };
/* End PBXFileReference section */

/* Begin PBXFrameworksBuildPhase section */
		01B9209E216FADC200E22C1D /* Frameworks */ = {
			isa = PBXFrameworksBuildPhase;
			buildActionMask = 2147483647;
			files = (
			);
			runOnlyForDeploymentPostprocessing = 0;
		};
/* End PBXFrameworksBuildPhase section */

/* Begin PBXGroup section */
		01B92098216FADC200E22C1D = {
			isa = PBXGroup;
			children = (
				01B920A3216FADC200E22C1D /* Swoosh */,
				01B920A2216FADC200E22C1D /* Products */,
			);
			sourceTree = "<group>";
		};
		01B920A2216FADC200E22C1D /* Products */ = {
			isa = PBXGroup;
			children = (
				01B920A1216FADC200E22C1D /* Swoosh.app */,
			);
			name = Products;
			sourceTree = "<group>";
		};
		01B920A3216FADC200E22C1D /* Swoosh */ = {
			isa = PBXGroup;
			children = (
				01E46AA62170D78900604A6A /* Model */,
				01E46AA52170D77700604A6A /* Controller */,
				01B920B6216FB5FB00E22C1D /* View */,
				01B920A4216FADC200E22C1D /* AppDelegate.swift */,
				01B920A8216FADC200E22C1D /* Main.storyboard */,
				01B920AB216FADC300E22C1D /* Assets.xcassets */,
				01B920AD216FADC300E22C1D /* LaunchScreen.storyboard */,
				01B920B0216FADC300E22C1D /* Info.plist */,
			);
			path = Swoosh;
			sourceTree = "<group>";
		};
		01B920B6216FB5FB00E22C1D /* View */ = {
			isa = PBXGroup;
			children = (
				01B920B7216FB6E000E22C1D /* BorderButton.swift */,
			);
			path = View;
			sourceTree = "<group>";
		};
		01E46AA52170D77700604A6A /* Controller */ = {
			isa = PBXGroup;
			children = (
				01B920A6216FADC200E22C1D /* WelcomeVC.swift */,
				01E46AAB2170D9C900604A6A /* LeagueVC.swift */,
				01E46AAD2170D9E200604A6A /* SkillVC.swift */,
			);
			path = Controller;
			sourceTree = "<group>";
		};
		01E46AA62170D78900604A6A /* Model */ = {
			isa = PBXGroup;
			children = (
			);
			path = Model;
			sourceTree = "<group>";
		};
/* End PBXGroup section */

/* Begin PBXNativeTarget section */
		01B920A0216FADC200E22C1D /* Swoosh */ = {
			isa = PBXNativeTarget;
			buildConfigurationList = 01B920B3216FADC300E22C1D /* Build configuration list for PBXNativeTarget "Swoosh" */;
			buildPhases = (
				01B9209D216FADC200E22C1D /* Sources */,
				01B9209E216FADC200E22C1D /* Frameworks */,
				01B9209F216FADC200E22C1D /* Resources */,
			);
			buildRules = (
			);
			dependencies = (
			);
			name = Swoosh;
			productName = Swoosh;
			productReference = 01B920A1216FADC200E22C1D /* Swoosh.app */;
			productType = "com.apple.product-type.application";
		};
/* End PBXNativeTarget section */

/* Begin PBXProject section */
		01B92099216FADC200E22C1D /* Project object */ = {
			isa = PBXProject;
			attributes = {
				LastSwiftUpdateCheck = 1000;
				LastUpgradeCheck = 1000;
				ORGANIZATIONNAME = "Burcin Software";
				TargetAttributes = {
					01B920A0216FADC200E22C1D = {
						CreatedOnToolsVersion = 10.0;
					};
				};
			};
			buildConfigurationList = 01B9209C216FADC200E22C1D /* Build configuration list for PBXProject "Swoosh" */;
			compatibilityVersion = "Xcode 9.3";
			developmentRegion = en;
			hasScannedForEncodings = 0;
			knownRegions = (
				en,
				Base,
			);
			mainGroup = 01B92098216FADC200E22C1D;
			productRefGroup = 01B920A2216FADC200E22C1D /* Products */;
			projectDirPath = "";
			projectRoot = "";
			targets = (
				01B920A0216FADC200E22C1D /* Swoosh */,
			);
		};
/* End PBXProject section */

/* Begin PBXResourcesBuildPhase section */
		01B9209F216FADC200E22C1D /* Resources */ = {
			isa = PBXResourcesBuildPhase;
			buildActionMask = 2147483647;
			files = (
				01B920AF216FADC300E22C1D /* LaunchScreen.storyboard in Resources */,
				01B920AC216FADC300E22C1D /* Assets.xcassets in Resources */,
				01B920AA216FADC200E22C1D /* Main.storyboard in Resources */,
			);
			runOnlyForDeploymentPostprocessing = 0;
		};
/* End PBXResourcesBuildPhase section */

/* Begin PBXSourcesBuildPhase section */
		01B9209D216FADC200E22C1D /* Sources */ = {
			isa = PBXSourcesBuildPhase;
			buildActionMask = 2147483647;
			files = (
				01B920A7216FADC200E22C1D /* WelcomeVC.swift in Sources */,
				01E46AAC2170D9C900604A6A /* LeagueVC.swift in Sources */,
				01B920A5216FADC200E22C1D /* AppDelegate.swift in Sources */,
				01E46AAE2170D9E200604A6A /* SkillVC.swift in Sources */,
				01B920B8216FB6E000E22C1D /* BorderButton.swift in Sources */,
			);
			runOnlyForDeploymentPostprocessing = 0;
		};
/* End PBXSourcesBuildPhase section */

/* Begin PBXVariantGroup section */
		01B920A8216FADC200E22C1D /* Main.storyboard */ = {
			isa = PBXVariantGroup;
			children = (
				01B920A9216FADC200E22C1D /* Base */,
			);
			name = Main.storyboard;
			sourceTree = "<group>";
		};
		01B920AD216FADC300E22C1D /* LaunchScreen.storyboard */ = {
			isa = PBXVariantGroup;
			children = (
				01B920AE216FADC300E22C1D /* Base */,
			);
			name = LaunchScreen.storyboard;
			sourceTree = "<group>";
		};
/* End PBXVariantGroup section */

/* Begin XCBuildConfiguration section */
		01B920B1216FADC300E22C1D /* Debug */ = {
			isa = XCBuildConfiguration;
			buildSettings = {
				ALWAYS_SEARCH_USER_PATHS = NO;
				CLANG_ANALYZER_NONNULL = YES;
				CLANG_ANALYZER_NUMBER_OBJECT_CONVERSION = YES_AGGRESSIVE;
				CLANG_CXX_LANGUAGE_STANDARD = "gnu++14";
				CLANG_CXX_LIBRARY = "libc++";
				CLANG_ENABLE_MODULES = YES;
				CLANG_ENABLE_OBJC_ARC = YES;
				CLANG_ENABLE_OBJC_WEAK = YES;
				CLANG_WARN_BLOCK_CAPTURE_AUTORELEASING = YES;
				CLANG_WARN_BOOL_CONVERSION = YES;
				CLANG_WARN_COMMA = YES;
				CLANG_WARN_CONSTANT_CONVERSION = YES;
				CLANG_WARN_DEPRECATED_OBJC_IMPLEMENTATIONS = YES;
				CLANG_WARN_DIRECT_OBJC_ISA_USAGE = YES_ERROR;
				CLANG_WARN_DOCUMENTATION_COMMENTS = YES;
				CLANG_WARN_EMPTY_BODY = YES;
				CLANG_WARN_ENUM_CONVERSION = YES;
				CLANG_WARN_INFINITE_RECURSION = YES;
				CLANG_WARN_INT_CONVERSION = YES;
				CLANG_WARN_NON_LITERAL_NULL_CONVERSION = YES;
				CLANG_WARN_OBJC_IMPLICIT_RETAIN_SELF = YES;
				CLANG_WARN_OBJC_LITERAL_CONVERSION = YES;
				CLANG_WARN_OBJC_ROOT_CLASS = YES_ERROR;
				CLANG_WARN_RANGE_LOOP_ANALYSIS = YES;
				CLANG_WARN_STRICT_PROTOTYPES = YES;
				CLANG_WARN_SUSPICIOUS_MOVE = YES;
				CLANG_WARN_UNGUARDED_AVAILABILITY = YES_AGGRESSIVE;
				CLANG_WARN_UNREACHABLE_CODE = YES;
				CLANG_WARN__DUPLICATE_METHOD_MATCH = YES;
				CODE_SIGN_IDENTITY = "iPhone Developer";
				COPY_PHASE_STRIP = NO;
				DEBUG_INFORMATION_FORMAT = dwarf;
				ENABLE_STRICT_OBJC_MSGSEND = YES;
				ENABLE_TESTABILITY = YES;
				GCC_C_LANGUAGE_STANDARD = gnu11;
				GCC_DYNAMIC_NO_PIC = NO;
				GCC_NO_COMMON_BLOCKS = YES;
				GCC_OPTIMIZATION_LEVEL = 0;
				GCC_PREPROCESSOR_DEFINITIONS = (
					"DEBUG=1",
					"$(inherited)",
				);
				GCC_WARN_64_TO_32_BIT_CONVERSION = YES;
				GCC_WARN_ABOUT_RETURN_TYPE = YES_ERROR;
				GCC_WARN_UNDECLARED_SELECTOR = YES;
				GCC_WARN_UNINITIALIZED_AUTOS = YES_AGGRESSIVE;
				GCC_WARN_UNUSED_FUNCTION = YES;
				GCC_WARN_UNUSED_VARIABLE = YES;
				IPHONEOS_DEPLOYMENT_TARGET = 12.0;
				MTL_ENABLE_DEBUG_INFO = INCLUDE_SOURCE;
				MTL_FAST_MATH = YES;
				ONLY_ACTIVE_ARCH = YES;
				SDKROOT = iphoneos;
				SWIFT_ACTIVE_COMPILATION_CONDITIONS = DEBUG;
				SWIFT_OPTIMIZATION_LEVEL = "-Onone";
			};
			name = Debug;
		};
		01B920B2216FADC300E22C1D /* Release */ = {
			isa = XCBuildConfiguration;
			buildSettings = {
				ALWAYS_SEARCH_USER_PATHS = NO;
				CLANG_ANALYZER_NONNULL = YES;
				CLANG_ANALYZER_NUMBER_OBJECT_CONVERSION = YES_AGGRESSIVE;
				CLANG_CXX_LANGUAGE_STANDARD = "gnu++14";
				CLANG_CXX_LIBRARY = "libc++";
				CLANG_ENABLE_MODULES = YES;
				CLANG_ENABLE_OBJC_ARC = YES;
				CLANG_ENABLE_OBJC_WEAK = YES;
				CLANG_WARN_BLOCK_CAPTURE_AUTORELEASING = YES;
				CLANG_WARN_BOOL_CONVERSION = YES;
				CLANG_WARN_COMMA = YES;
				CLANG_WARN_CONSTANT_CONVERSION = YES;
				CLANG_WARN_DEPRECATED_OBJC_IMPLEMENTATIONS = YES;
				CLANG_WARN_DIRECT_OBJC_ISA_USAGE = YES_ERROR;
				CLANG_WARN_DOCUMENTATION_COMMENTS = YES;
				CLANG_WARN_EMPTY_BODY = YES;
				CLANG_WARN_ENUM_CONVERSION = YES;
				CLANG_WARN_INFINITE_RECURSION = YES;
				CLANG_WARN_INT_CONVERSION = YES;
				CLANG_WARN_NON_LITERAL_NULL_CONVERSION = YES;
				CLANG_WARN_OBJC_IMPLICIT_RETAIN_SELF = YES;
				CLANG_WARN_OBJC_LITERAL_CONVERSION = YES;
				CLANG_WARN_OBJC_ROOT_CLASS = YES_ERROR;
				CLANG_WARN_RANGE_LOOP_ANALYSIS = YES;
				CLANG_WARN_STRICT_PROTOTYPES = YES;
				CLANG_WARN_SUSPICIOUS_MOVE = YES;
				CLANG_WARN_UNGUARDED_AVAILABILITY = YES_AGGRESSIVE;
				CLANG_WARN_UNREACHABLE_CODE = YES;
				CLANG_WARN__DUPLICATE_METHOD_MATCH = YES;
				CODE_SIGN_IDENTITY = "iPhone Developer";
				COPY_PHASE_STRIP = NO;
				DEBUG_INFORMATION_FORMAT = "dwarf-with-dsym";
				ENABLE_NS_ASSERTIONS = NO;
				ENABLE_STRICT_OBJC_MSGSEND = YES;
				GCC_C_LANGUAGE_STANDARD = gnu11;
				GCC_NO_COMMON_BLOCKS = YES;
				GCC_WARN_64_TO_32_BIT_CONVERSION = YES;
				GCC_WARN_ABOUT_RETURN_TYPE = YES_ERROR;
				GCC_WARN_UNDECLARED_SELECTOR = YES;
				GCC_WARN_UNINITIALIZED_AUTOS = YES_AGGRESSIVE;
				GCC_WARN_UNUSED_FUNCTION = YES;
				GCC_WARN_UNUSED_VARIABLE = YES;
				IPHONEOS_DEPLOYMENT_TARGET = 12.0;
				MTL_ENABLE_DEBUG_INFO = NO;
				MTL_FAST_MATH = YES;
				SDKROOT = iphoneos;
				SWIFT_COMPILATION_MODE = wholemodule;
				SWIFT_OPTIMIZATION_LEVEL = "-O";
				VALIDATE_PRODUCT = YES;
			};
			name = Release;
		};
		01B920B4216FADC300E22C1D /* Debug */ = {
			isa = XCBuildConfiguration;
			buildSettings = {
				ASSETCATALOG_COMPILER_APPICON_NAME = AppIcon;
				CODE_SIGN_STYLE = Automatic;
				INFOPLIST_FILE = Swoosh/Info.plist;
				LD_RUNPATH_SEARCH_PATHS = (
					"$(inherited)",
					"@executable_path/Frameworks",
				);
				PRODUCT_BUNDLE_IDENTIFIER = com.burcin.Swoosh;
				PRODUCT_NAME = "$(TARGET_NAME)";
				SWIFT_VERSION = 4.2;
				TARGETED_DEVICE_FAMILY = "1,2";
			};
			name = Debug;
		};
		01B920B5216FADC300E22C1D /* Release */ = {
			isa = XCBuildConfiguration;
			buildSettings = {
				ASSETCATALOG_COMPILER_APPICON_NAME = AppIcon;
				CODE_SIGN_STYLE = Automatic;
				INFOPLIST_FILE = Swoosh/Info.plist;
				LD_RUNPATH_SEARCH_PATHS = (
					"$(inherited)",
					"@executable_path/Frameworks",
				);
				PRODUCT_BUNDLE_IDENTIFIER = com.burcin.Swoosh;
				PRODUCT_NAME = "$(TARGET_NAME)";
				SWIFT_VERSION = 4.2;
				TARGETED_DEVICE_FAMILY = "1,2";
			};
			name = Release;
		};
/* End XCBuildConfiguration section */

/* Begin XCConfigurationList section */
		01B9209C216FADC200E22C1D /* Build configuration list for PBXProject "Swoosh" */ = {
			isa = XCConfigurationList;
			buildConfigurations = (
				01B920B1216FADC300E22C1D /* Debug */,
				01B920B2216FADC300E22C1D /* Release */,
			);
			defaultConfigurationIsVisible = 0;
			defaultConfigurationName = Release;
		};
		01B920B3216FADC300E22C1D /* Build configuration list for PBXNativeTarget "Swoosh" */ = {
			isa = XCConfigurationList;
			buildConfigurations = (
				01B920B4216FADC300E22C1D /* Debug */,
				01B920B5216FADC300E22C1D /* Release */,
			);
			defaultConfigurationIsVisible = 0;
			defaultConfigurationName = Release;
		};
/* End XCConfigurationList section */
	};
	rootObject = 01B92099216FADC200E22C1D /* Project object */;
}
